
Microsoft Visual Studio Solution File, Format Version 12.00
# Visual Studio Version 17
VisualStudioVersion = 17.5.002.0
MinimumVisualStudioVersion = 10.0.40219.1
Project("{9A19103F-16F7-4668-BE54-9A1E7A4F7556}") = "Atv05", "Atv05.csproj", "{676C9BD2-F411-4BB0-A817-B7AEDAF673DA}"
EndProject
Global
	GlobalSection(SolutionConfigurationPlatforms) = preSolution
		Debug|Any CPU = Debug|Any CPU
		Release|Any CPU = Release|Any CPU
	EndGlobalSection
	GlobalSection(ProjectConfigurationPlatforms) = postSolution
		{676C9BD2-F411-4BB0-A817-B7AEDAF673DA}.Debug|Any CPU.ActiveCfg = Debug|Any CPU
		{676C9BD2-F411-4BB0-A817-B7AEDAF673DA}.Debug|Any CPU.Build.0 = Debug|Any CPU
		{676C9BD2-F411-4BB0-A817-B7AEDAF673DA}.Release|Any CPU.ActiveCfg = Release|Any CPU
		{676C9BD2-F411-4BB0-A817-B7AEDAF673DA}.Release|Any CPU.Build.0 = Release|Any CPU
	EndGlobalSection
	GlobalSection(SolutionProperties) = preSolution
		HideSolutionNode = FALSE
	EndGlobalSection
	GlobalSection(ExtensibilityGlobals) = postSolution
		SolutionGuid = {31FC329E-37F1-4F45-8ACE-8D6748C4055D}
	EndGlobalSection
EndGlobal
