
Microsoft Visual Studio Solution File, Format Version 12.00
# Visual Studio Version 17
VisualStudioVersion = 17.5.002.0
MinimumVisualStudioVersion = 10.0.40219.1
Project("{9A19103F-16F7-4668-BE54-9A1E7A4F7556}") = "Aula02", "Aula02.csproj", "{0191E44F-97B7-42D1-B64C-C26AA47AB08C}"
EndProject
Global
	GlobalSection(SolutionConfigurationPlatforms) = preSolution
		Debug|Any CPU = Debug|Any CPU
		Release|Any CPU = Release|Any CPU
	EndGlobalSection
	GlobalSection(ProjectConfigurationPlatforms) = postSolution
		{0191E44F-97B7-42D1-B64C-C26AA47AB08C}.Debug|Any CPU.ActiveCfg = Debug|Any CPU
		{0191E44F-97B7-42D1-B64C-C26AA47AB08C}.Debug|Any CPU.Build.0 = Debug|Any CPU
		{0191E44F-97B7-42D1-B64C-C26AA47AB08C}.Release|Any CPU.ActiveCfg = Release|Any CPU
		{0191E44F-97B7-42D1-B64C-C26AA47AB08C}.Release|Any CPU.Build.0 = Release|Any CPU
	EndGlobalSection
	GlobalSection(SolutionProperties) = preSolution
		HideSolutionNode = FALSE
	EndGlobalSection
	GlobalSection(ExtensibilityGlobals) = postSolution
		SolutionGuid = {FD68351F-F17B-41EA-AFD3-8DD436A84DD6}
	EndGlobalSection
EndGlobal
